
Microsoft Visual Studio Solution File, Format Version 12.00
# Visual Studio Version 17
VisualStudioVersion = 17.0.31903.59
MinimumVisualStudioVersion = 10.0.40219.1
Project("{FAE04EC0-301F-11D3-BF4B-00C04F79EFBC}") = "RacingSystem", "src\RacingSystem.csproj", "{FF9CC12C-EF9C-4A5B-8F48-24B1C3BA10EA}"
EndProject
Global
	GlobalSection(SolutionConfigurationPlatforms) = preSolution
		Debug|Any CPU = Debug|Any CPU
		Release|Any CPU = Release|Any CPU
	EndGlobalSection
	GlobalSection(SolutionProperties) = preSolution
		HideSolutionNode = FALSE
	EndGlobalSection
	GlobalSection(ProjectConfigurationPlatforms) = postSolution
		{FF9CC12C-EF9C-4A5B-8F48-24B1C3BA10EA}.Debug|Any CPU.ActiveCfg = Debug|Any CPU
		{FF9CC12C-EF9C-4A5B-8F48-24B1C3BA10EA}.Debug|Any CPU.Build.0 = Debug|Any CPU
		{FF9CC12C-EF9C-4A5B-8F48-24B1C3BA10EA}.Release|Any CPU.ActiveCfg = Release|Any CPU
		{FF9CC12C-EF9C-4A5B-8F48-24B1C3BA10EA}.Release|Any CPU.Build.0 = Release|Any CPU
	EndGlobalSection
EndGlobal
